
Microsoft Visual Studio Solution File, Format Version 12.00
# Visual Studio 15
VisualStudioVersion = 15.0.28307.271
MinimumVisualStudioVersion = 10.0.40219.1
Project("{FAE04EC0-301F-11D3-BF4B-00C04F79EFBC}") = "workshop Project", "workshop Project\workshop Project.csproj", "{F46C1618-2CD5-478A-AB85-0C619CCAB7DC}"
EndProject
Global
	GlobalSection(SolutionConfigurationPlatforms) = preSolution
		Debug|Any CPU = Debug|Any CPU
		Release|Any CPU = Release|Any CPU
	EndGlobalSection
	GlobalSection(ProjectConfigurationPlatforms) = postSolution
		{F46C1618-2CD5-478A-AB85-0C619CCAB7DC}.Debug|Any CPU.ActiveCfg = Debug|Any CPU
		{F46C1618-2CD5-478A-AB85-0C619CCAB7DC}.Debug|Any CPU.Build.0 = Debug|Any CPU
		{F46C1618-2CD5-478A-AB85-0C619CCAB7DC}.Release|Any CPU.ActiveCfg = Release|Any CPU
		{F46C1618-2CD5-478A-AB85-0C619CCAB7DC}.Release|Any CPU.Build.0 = Release|Any CPU
	EndGlobalSection
	GlobalSection(SolutionProperties) = preSolution
		HideSolutionNode = FALSE
	EndGlobalSection
	GlobalSection(ExtensibilityGlobals) = postSolution
		SolutionGuid = {A4C5FB02-2926-466A-9631-85EBEBF1D2E9}
	EndGlobalSection
EndGlobal
